
Microsoft Visual Studio Solution File, Format Version 12.00
# Visual Studio Version 17
VisualStudioVersion = 17.8.34408.163
MinimumVisualStudioVersion = 10.0.40219.1
Project("{FAE04EC0-301F-11D3-BF4B-00C04F79EFBC}") = "HangFireApplication", "HangFireApplication\HangFireApplication.csproj", "{2E353081-D29A-48AD-9458-6775E3F90752}"
EndProject
Global
	GlobalSection(SolutionConfigurationPlatforms) = preSolution
		Debug|Any CPU = Debug|Any CPU
		Release|Any CPU = Release|Any CPU
	EndGlobalSection
	GlobalSection(ProjectConfigurationPlatforms) = postSolution
		{2E353081-D29A-48AD-9458-6775E3F90752}.Debug|Any CPU.ActiveCfg = Debug|Any CPU
		{2E353081-D29A-48AD-9458-6775E3F90752}.Debug|Any CPU.Build.0 = Debug|Any CPU
		{2E353081-D29A-48AD-9458-6775E3F90752}.Release|Any CPU.ActiveCfg = Release|Any CPU
		{2E353081-D29A-48AD-9458-6775E3F90752}.Release|Any CPU.Build.0 = Release|Any CPU
	EndGlobalSection
	GlobalSection(SolutionProperties) = preSolution
		HideSolutionNode = FALSE
	EndGlobalSection
	GlobalSection(ExtensibilityGlobals) = postSolution
		SolutionGuid = {03F51F5A-C198-4EB1-A8A4-A0F2037633B6}
	EndGlobalSection
EndGlobal
